PODS:
  - Flutter (1.0.0)
  - integration_test (0.0.1):
    - Flutter
  - ios_native_sidebar (0.0.1):
    - Flutter

DEPENDENCIES:
  - Flutter (from `Flutter`)
  - integration_test (from `.symlinks/plugins/integration_test/ios`)
  - ios_native_sidebar (from `.symlinks/plugins/ios_native_sidebar/ios`)

EXTERNAL SOURCES:
  Flutter:
    :path: Flutter
  integration_test:
    :path: ".symlinks/plugins/integration_test/ios"
  ios_native_sidebar:
    :path: ".symlinks/plugins/ios_native_sidebar/ios"

SPEC CHECKSUMS:
  Flutter: e0871f40cf51350855a761d2e70bf5af5b9b5de7
  integration_test: 4a889634ef21a45d28d50d622cf412dc6d9f586e
  ios_native_sidebar: 5cf54e802165004de75075e791cb7310690eeba3

PODFILE CHECKSUM: 1857a7cdb7dfafe45f2b0e9a9af44644190f7506

COCOAPODS: 1.16.2
